
Microsoft Visual Studio Solution File, Format Version 12.00
# Visual Studio 15
VisualStudioVersion = 15.0.26403.7
MinimumVisualStudioVersion = 10.0.40219.1
Project("{9A19103F-16F7-4668-BE54-9A1E7A4F7556}") = "PrecizeSoft.IO", "src\PrecizeSoft.IO\PrecizeSoft.IO.csproj", "{589EA9BB-417E-45BA-B8B2-57736CFD11C2}"
EndProject
Project("{9A19103F-16F7-4668-BE54-9A1E7A4F7556}") = "PrecizeSoft.IO.ImageMagick", "src\PrecizeSoft.IO.ImageMagick\PrecizeSoft.IO.ImageMagick.csproj", "{77DA58BF-A5DB-4A20-A3DE-B54C840E0CDA}"
EndProject
Project("{9A19103F-16F7-4668-BE54-9A1E7A4F7556}") = "PrecizeSoft.IO.LibreOffice", "src\PrecizeSoft.IO.LibreOffice\PrecizeSoft.IO.LibreOffice.csproj", "{08936479-8E63-402E-9CCB-1472F1B9014F}"
EndProject
Project("{FAE04EC0-301F-11D3-BF4B-00C04F79EFBC}") = "PrecizeSoft.IO.MicrosoftOffice", "src\PrecizeSoft.IO.MicrosoftOffice\PrecizeSoft.IO.MicrosoftOffice.csproj", "{928FC57A-82EF-4796-9C5E-295B8218E29E}"
EndProject
Project("{9A19103F-16F7-4668-BE54-9A1E7A4F7556}") = "PrecizeSoft.IO.WcfClients", "src\PrecizeSoft.IO.WcfClients\PrecizeSoft.IO.WcfClients.csproj", "{56B89DBA-A67D-426E-A3E6-EFC1D8B37560}"
EndProject
Project("{9A19103F-16F7-4668-BE54-9A1E7A4F7556}") = "PrecizeSoft.IO.WcfServices", "src\PrecizeSoft.IO.WcfServices\PrecizeSoft.IO.WcfServices.csproj", "{A86310FB-90FC-4111-AFE7-25CE5480AD29}"
EndProject
Project("{9A19103F-16F7-4668-BE54-9A1E7A4F7556}") = "PrecizeSoft.IO.LibreOffice.Tests", "tests\PrecizeSoft.IO.LibreOffice.Tests\PrecizeSoft.IO.LibreOffice.Tests.csproj", "{BB66B7D3-6142-4D45-9C98-D9C364DE9BD6}"
EndProject
Project("{2150E333-8FDC-42A3-9474-1A3956D46DE8}") = "Tests", "Tests", "{74A8157D-A796-4218-904A-9A656A5DA6D5}"
EndProject
Project("{2150E333-8FDC-42A3-9474-1A3956D46DE8}") = "samples", "samples", "{056C482F-FE5F-4CA2-8E3D-6A82AFB487F1}"
	ProjectSection(SolutionItems) = preProject
		tests\samples\sample.doc = tests\samples\sample.doc
		tests\samples\sample.docx = tests\samples\sample.docx
		tests\samples\sample.odt = tests\samples\sample.odt
		tests\samples\sample.rtf = tests\samples\sample.rtf
	EndProjectSection
EndProject
Project("{FAE04EC0-301F-11D3-BF4B-00C04F79EFBC}") = "PrecizeSoft.IO.WebApi", "src\PrecizeSoft.IO.WebApi\PrecizeSoft.IO.WebApi.csproj", "{B9A2A0B8-71F6-471B-85F3-FBCF12FA2EED}"
EndProject
Global
	GlobalSection(SolutionConfigurationPlatforms) = preSolution
		Debug|Any CPU = Debug|Any CPU
		Release|Any CPU = Release|Any CPU
	EndGlobalSection
	GlobalSection(ProjectConfigurationPlatforms) = postSolution
		{589EA9BB-417E-45BA-B8B2-57736CFD11C2}.Debug|Any CPU.ActiveCfg = Debug|Any CPU
		{589EA9BB-417E-45BA-B8B2-57736CFD11C2}.Debug|Any CPU.Build.0 = Debug|Any CPU
		{589EA9BB-417E-45BA-B8B2-57736CFD11C2}.Release|Any CPU.ActiveCfg = Release|Any CPU
		{589EA9BB-417E-45BA-B8B2-57736CFD11C2}.Release|Any CPU.Build.0 = Release|Any CPU
		{77DA58BF-A5DB-4A20-A3DE-B54C840E0CDA}.Debug|Any CPU.ActiveCfg = Debug|Any CPU
		{77DA58BF-A5DB-4A20-A3DE-B54C840E0CDA}.Debug|Any CPU.Build.0 = Debug|Any CPU
		{77DA58BF-A5DB-4A20-A3DE-B54C840E0CDA}.Release|Any CPU.ActiveCfg = Release|Any CPU
		{77DA58BF-A5DB-4A20-A3DE-B54C840E0CDA}.Release|Any CPU.Build.0 = Release|Any CPU
		{08936479-8E63-402E-9CCB-1472F1B9014F}.Debug|Any CPU.ActiveCfg = Debug|Any CPU
		{08936479-8E63-402E-9CCB-1472F1B9014F}.Debug|Any CPU.Build.0 = Debug|Any CPU
		{08936479-8E63-402E-9CCB-1472F1B9014F}.Release|Any CPU.ActiveCfg = Release|Any CPU
		{08936479-8E63-402E-9CCB-1472F1B9014F}.Release|Any CPU.Build.0 = Release|Any CPU
		{928FC57A-82EF-4796-9C5E-295B8218E29E}.Debug|Any CPU.ActiveCfg = Debug|Any CPU
		{928FC57A-82EF-4796-9C5E-295B8218E29E}.Debug|Any CPU.Build.0 = Debug|Any CPU
		{928FC57A-82EF-4796-9C5E-295B8218E29E}.Release|Any CPU.ActiveCfg = Release|Any CPU
		{928FC57A-82EF-4796-9C5E-295B8218E29E}.Release|Any CPU.Build.0 = Release|Any CPU
		{56B89DBA-A67D-426E-A3E6-EFC1D8B37560}.Debug|Any CPU.ActiveCfg = Debug|Any CPU
		{56B89DBA-A67D-426E-A3E6-EFC1D8B37560}.Debug|Any CPU.Build.0 = Debug|Any CPU
		{56B89DBA-A67D-426E-A3E6-EFC1D8B37560}.Release|Any CPU.ActiveCfg = Release|Any CPU
		{56B89DBA-A67D-426E-A3E6-EFC1D8B37560}.Release|Any CPU.Build.0 = Release|Any CPU
		{A86310FB-90FC-4111-AFE7-25CE5480AD29}.Debug|Any CPU.ActiveCfg = Debug|Any CPU
		{A86310FB-90FC-4111-AFE7-25CE5480AD29}.Debug|Any CPU.Build.0 = Debug|Any CPU
		{A86310FB-90FC-4111-AFE7-25CE5480AD29}.Release|Any CPU.ActiveCfg = Release|Any CPU
		{A86310FB-90FC-4111-AFE7-25CE5480AD29}.Release|Any CPU.Build.0 = Release|Any CPU
		{BB66B7D3-6142-4D45-9C98-D9C364DE9BD6}.Debug|Any CPU.ActiveCfg = Debug|Any CPU
		{BB66B7D3-6142-4D45-9C98-D9C364DE9BD6}.Debug|Any CPU.Build.0 = Debug|Any CPU
		{BB66B7D3-6142-4D45-9C98-D9C364DE9BD6}.Release|Any CPU.ActiveCfg = Release|Any CPU
		{BB66B7D3-6142-4D45-9C98-D9C364DE9BD6}.Release|Any CPU.Build.0 = Release|Any CPU
		{B9A2A0B8-71F6-471B-85F3-FBCF12FA2EED}.Debug|Any CPU.ActiveCfg = Debug|Any CPU
		{B9A2A0B8-71F6-471B-85F3-FBCF12FA2EED}.Debug|Any CPU.Build.0 = Debug|Any CPU
		{B9A2A0B8-71F6-471B-85F3-FBCF12FA2EED}.Release|Any CPU.ActiveCfg = Release|Any CPU
		{B9A2A0B8-71F6-471B-85F3-FBCF12FA2EED}.Release|Any CPU.Build.0 = Release|Any CPU
	EndGlobalSection
	GlobalSection(SolutionProperties) = preSolution
		HideSolutionNode = FALSE
	EndGlobalSection
	GlobalSection(NestedProjects) = preSolution
		{BB66B7D3-6142-4D45-9C98-D9C364DE9BD6} = {74A8157D-A796-4218-904A-9A656A5DA6D5}
		{056C482F-FE5F-4CA2-8E3D-6A82AFB487F1} = {74A8157D-A796-4218-904A-9A656A5DA6D5}
	EndGlobalSection
EndGlobal
